
Microsoft Visual Studio Solution File, Format Version 12.00
# Visual Studio 14
VisualStudioVersion = 14.0.23107.0
MinimumVisualStudioVersion = 10.0.40219.1
Project("{FAE04EC0-301F-11D3-BF4B-00C04F79EFBC}") = "Model", "Model.csproj", "{EF1A181B-CCC2-4F57-8DE1-C4CC6BF8FBFC}"
EndProject
Global
	GlobalSection(SolutionConfigurationPlatforms) = preSolution
		Debug|Any CPU = Debug|Any CPU
		Release|Any CPU = Release|Any CPU
	EndGlobalSection
	GlobalSection(ProjectConfigurationPlatforms) = postSolution
		{EF1A181B-CCC2-4F57-8DE1-C4CC6BF8FBFC}.Debug|Any CPU.ActiveCfg = Debug|Any CPU
		{EF1A181B-CCC2-4F57-8DE1-C4CC6BF8FBFC}.Debug|Any CPU.Build.0 = Debug|Any CPU
		{EF1A181B-CCC2-4F57-8DE1-C4CC6BF8FBFC}.Release|Any CPU.ActiveCfg = Release|Any CPU
		{EF1A181B-CCC2-4F57-8DE1-C4CC6BF8FBFC}.Release|Any CPU.Build.0 = Release|Any CPU
	EndGlobalSection
	GlobalSection(SolutionProperties) = preSolution
		HideSolutionNode = FALSE
	EndGlobalSection
EndGlobal
